// !$*UTF8*$!
{
	archiveVersion = 1;
	classes = {
	};
	objectVersion = 77;
	objects = {

/* Begin PBXBuildFile section */
		C917930E2EFE65DA008BD344 /* ReSwiftEffect in Frameworks */ = {isa = PBXBuildFile; productRef = C917930D2EFE65DA008BD344 /* ReSwiftEffect */; };
/* End PBXBuildFile section */

/* Begin PBXContainerItemProxy section */
		C9E6D8B92EFD4A4100366EE7 /* PBXContainerItemProxy */ = {
			isa = PBXContainerItemProxy;
			containerPortal = C9E6D8A32EFD4A4000366EE7 /* Project object */;
			proxyType = 1;
			remoteGlobalIDString = C9E6D8AA2EFD4A4000366EE7;
			remoteInfo = "ReSwift-Effect-Demo";
		};
		C9E6D8C32EFD4A4100366EE7 /* PBXContainerItemProxy */ = {
			isa = PBXContainerItemProxy;
			containerPortal = C9E6D8A32EFD4A4000366EE7 /* Project object */;
			proxyType = 1;
			remoteGlobalIDString = C9E6D8AA2EFD4A4000366EE7;
			remoteInfo = "ReSwift-Effect-Demo";
		};
/* End PBXContainerItemProxy section */

/* Begin PBXFileReference section */
		C9E6D8AB2EFD4A4000366EE7 /* ReSwift-Effect-Demo.app */ = {isa = PBXFileReference; explicitFileType = wrapper.application; includeInIndex = 0; path = "ReSwift-Effect-Demo.app"; sourceTree = BUILT_PRODUCTS_DIR; };
		C9E6D8B82EFD4A4100366EE7 /* ReSwift-Effect-DemoTests.xctest */ = {isa = PBXFileReference; explicitFileType = wrapper.cfbundle; includeInIndex = 0; path = "ReSwift-Effect-DemoTests.xctest"; sourceTree = BUILT_PRODUCTS_DIR; };
		C9E6D8C22EFD4A4100366EE7 /* ReSwift-Effect-DemoUITests.xctest */ = {isa = PBXFileReference; explicitFileType = wrapper.cfbundle; includeInIndex = 0; path = "ReSwift-Effect-DemoUITests.xctest"; sourceTree = BUILT_PRODUCTS_DIR; };
/* End PBXFileReference section */

/* Begin PBXFileSystemSynchronizedRootGroup section */
		C9E6D8AD2EFD4A4000366EE7 /* ReSwift-Effect-Demo */ = {
			isa = PBXFileSystemSynchronizedRootGroup;
			path = "ReSwift-Effect-Demo";
			sourceTree = "<group>";
		};
		C9E6D8BB2EFD4A4100366EE7 /* ReSwift-Effect-DemoTests */ = {
			isa = PBXFileSystemSynchronizedRootGroup;
			path = "ReSwift-Effect-DemoTests";
			sourceTree = "<group>";
		};
		C9E6D8C52EFD4A4100366EE7 /* ReSwift-Effect-DemoUITests */ = {
			isa = PBXFileSystemSynchronizedRootGroup;
			path = "ReSwift-Effect-DemoUITests";
			sourceTree = "<group>";
		};
/* End PBXFileSystemSynchronizedRootGroup section */

/* Begin PBXFrameworksBuildPhase section */
		C9E6D8A82EFD4A4000366EE7 /* Frameworks */ = {
			isa = PBXFrameworksBuildPhase;
			buildActionMask = 2147483647;
			files = (
				C917930E2EFE65DA008BD344 /* ReSwiftEffect in Frameworks */,
			);
			runOnlyForDeploymentPostprocessing = 0;
		};
		C9E6D8B52EFD4A4100366EE7 /* Frameworks */ = {
			isa = PBXFrameworksBuildPhase;
			buildActionMask = 2147483647;
			files = (
			);
			runOnlyForDeploymentPostprocessing = 0;
		};
		C9E6D8BF2EFD4A4100366EE7 /* Frameworks */ = {
			isa = PBXFrameworksBuildPhase;
			buildActionMask = 2147483647;
			files = (
			);
			runOnlyForDeploymentPostprocessing = 0;
		};
/* End PBXFrameworksBuildPhase section */

/* Begin PBXGroup section */
		C9E6D8A22EFD4A4000366EE7 = {
			isa = PBXGroup;
			children = (
				C9E6D8AD2EFD4A4000366EE7 /* ReSwift-Effect-Demo */,
				C9E6D8BB2EFD4A4100366EE7 /* ReSwift-Effect-DemoTests */,
				C9E6D8C52EFD4A4100366EE7 /* ReSwift-Effect-DemoUITests */,
				C9E6D8D62EFD4A6800366EE7 /* Frameworks */,
				C9E6D8AC2EFD4A4000366EE7 /* Products */,
			);
			sourceTree = "<group>";
		};
		C9E6D8AC2EFD4A4000366EE7 /* Products */ = {
			isa = PBXGroup;
			children = (
				C9E6D8AB2EFD4A4000366EE7 /* ReSwift-Effect-Demo.app */,
				C9E6D8B82EFD4A4100366EE7 /* ReSwift-Effect-DemoTests.xctest */,
				C9E6D8C22EFD4A4100366EE7 /* ReSwift-Effect-DemoUITests.xctest */,
			);
			name = Products;
			sourceTree = "<group>";
		};
		C9E6D8D62EFD4A6800366EE7 /* Frameworks */ = {
			isa = PBXGroup;
			children = (
			);
			name = Frameworks;
			sourceTree = "<group>";
		};
/* End PBXGroup section */

/* Begin PBXNativeTarget section */
		C9E6D8AA2EFD4A4000366EE7 /* ReSwift-Effect-Demo */ = {
			isa = PBXNativeTarget;
			buildConfigurationList = C9E6D8CC2EFD4A4100366EE7 /* Build configuration list for PBXNativeTarget "ReSwift-Effect-Demo" */;
			buildPhases = (
				C9E6D8A72EFD4A4000366EE7 /* Sources */,
				C9E6D8A82EFD4A4000366EE7 /* Frameworks */,
				C9E6D8A92EFD4A4000366EE7 /* Resources */,
			);
			buildRules = (
			);
			dependencies = (
			);
			fileSystemSynchronizedGroups = (
				C9E6D8AD2EFD4A4000366EE7 /* ReSwift-Effect-Demo */,
			);
			name = "ReSwift-Effect-Demo";
			packageProductDependencies = (
				C917930D2EFE65DA008BD344 /* ReSwiftEffect */,
			);
			productName = "ReSwift-Effect-Demo";
			productReference = C9E6D8AB2EFD4A4000366EE7 /* ReSwift-Effect-Demo.app */;
			productType = "com.apple.product-type.application";
		};
		C9E6D8B72EFD4A4100366EE7 /* ReSwift-Effect-DemoTests */ = {
			isa = PBXNativeTarget;
			buildConfigurationList = C9E6D8CF2EFD4A4100366EE7 /* Build configuration list for PBXNativeTarget "ReSwift-Effect-DemoTests" */;
			buildPhases = (
				C9E6D8B42EFD4A4100366EE7 /* Sources */,
				C9E6D8B52EFD4A4100366EE7 /* Frameworks */,
				C9E6D8B62EFD4A4100366EE7 /* Resources */,
			);
			buildRules = (
			);
			dependencies = (
				C9E6D8BA2EFD4A4100366EE7 /* PBXTargetDependency */,
			);
			fileSystemSynchronizedGroups = (
				C9E6D8BB2EFD4A4100366EE7 /* ReSwift-Effect-DemoTests */,
			);
			name = "ReSwift-Effect-DemoTests";
			packageProductDependencies = (
			);
			productName = "ReSwift-Effect-DemoTests";
			productReference = C9E6D8B82EFD4A4100366EE7 /* ReSwift-Effect-DemoTests.xctest */;
			productType = "com.apple.product-type.bundle.unit-test";
		};
		C9E6D8C12EFD4A4100366EE7 /* ReSwift-Effect-DemoUITests */ = {
			isa = PBXNativeTarget;
			buildConfigurationList = C9E6D8D22EFD4A4100366EE7 /* Build configuration list for PBXNativeTarget "ReSwift-Effect-DemoUITests" */;
			buildPhases = (
				C9E6D8BE2EFD4A4100366EE7 /* Sources */,
				C9E6D8BF2EFD4A4100366EE7 /* Frameworks */,
				C9E6D8C02EFD4A4100366EE7 /* Resources */,
			);
			buildRules = (
			);
			dependencies = (
				C9E6D8C42EFD4A4100366EE7 /* PBXTargetDependency */,
			);
			fileSystemSynchronizedGroups = (
				C9E6D8C52EFD4A4100366EE7 /* ReSwift-Effect-DemoUITests */,
			);
			name = "ReSwift-Effect-DemoUITests";
			packageProductDependencies = (
			);
			productName = "ReSwift-Effect-DemoUITests";
			productReference = C9E6D8C22EFD4A4100366EE7 /* ReSwift-Effect-DemoUITests.xctest */;
			productType = "com.apple.product-type.bundle.ui-testing";
		};
/* End PBXNativeTarget section */

/* Begin PBXProject section */
		C9E6D8A32EFD4A4000366EE7 /* Project object */ = {
			isa = PBXProject;
			attributes = {
				BuildIndependentTargetsInParallel = 1;
				LastSwiftUpdateCheck = 2600;
				LastUpgradeCheck = 2600;
				TargetAttributes = {
					C9E6D8AA2EFD4A4000366EE7 = {
						CreatedOnToolsVersion = 26.0.1;
					};
					C9E6D8B72EFD4A4100366EE7 = {
						CreatedOnToolsVersion = 26.0.1;
						TestTargetID = C9E6D8AA2EFD4A4000366EE7;
					};
					C9E6D8C12EFD4A4100366EE7 = {
						CreatedOnToolsVersion = 26.0.1;
						TestTargetID = C9E6D8AA2EFD4A4000366EE7;
					};
				};
			};
			buildConfigurationList = C9E6D8A62EFD4A4000366EE7 /* Build configuration list for PBXProject "ReSwift-Effect-Demo" */;
			developmentRegion = en;
			hasScannedForEncodings = 0;
			knownRegions = (
				en,
				Base,
			);
			mainGroup = C9E6D8A22EFD4A4000366EE7;
			minimizedProjectReferenceProxies = 1;
			packageReferences = (
				C917930C2EFE65DA008BD344 /* XCLocalSwiftPackageReference "../../reswift-effect" */,
			);
			preferredProjectObjectVersion = 77;
			productRefGroup = C9E6D8AC2EFD4A4000366EE7 /* Products */;
			projectDirPath = "";
			projectRoot = "";
			targets = (
				C9E6D8AA2EFD4A4000366EE7 /* ReSwift-Effect-Demo */,
				C9E6D8B72EFD4A4100366EE7 /* ReSwift-Effect-DemoTests */,
				C9E6D8C12EFD4A4100366EE7 /* ReSwift-Effect-DemoUITests */,
			);
		};
/* End PBXProject section */

/* Begin PBXResourcesBuildPhase section */
		C9E6D8A92EFD4A4000366EE7 /* Resources */ = {
			isa = PBXResourcesBuildPhase;
			buildActionMask = 2147483647;
			files = (
			);
			runOnlyForDeploymentPostprocessing = 0;
		};
		C9E6D8B62EFD4A4100366EE7 /* Resources */ = {
			isa = PBXResourcesBuildPhase;
			buildActionMask = 2147483647;
			files = (
			);
			runOnlyForDeploymentPostprocessing = 0;
		};
		C9E6D8C02EFD4A4100366EE7 /* Resources */ = {
			isa = PBXResourcesBuildPhase;
			buildActionMask = 2147483647;
			files = (
			);
			runOnlyForDeploymentPostprocessing = 0;
		};
/* End PBXResourcesBuildPhase section */

/* Begin PBXSourcesBuildPhase section */
		C9E6D8A72EFD4A4000366EE7 /* Sources */ = {
			isa = PBXSourcesBuildPhase;
			buildActionMask = 2147483647;
			files = (
			);
			runOnlyForDeploymentPostprocessing = 0;
		};
		C9E6D8B42EFD4A4100366EE7 /* Sources */ = {
			isa = PBXSourcesBuildPhase;
			buildActionMask = 2147483647;
			files = (
			);
			runOnlyForDeploymentPostprocessing = 0;
		};
		C9E6D8BE2EFD4A4100366EE7 /* Sources */ = {
			isa = PBXSourcesBuildPhase;
			buildActionMask = 2147483647;
			files = (
			);
			runOnlyForDeploymentPostprocessing = 0;
		};
/* End PBXSourcesBuildPhase section */

/* Begin PBXTargetDependency section */
		C9E6D8BA2EFD4A4100366EE7 /* PBXTargetDependency */ = {
			isa = PBXTargetDependency;
			target = C9E6D8AA2EFD4A4000366EE7 /* ReSwift-Effect-Demo */;
			targetProxy = C9E6D8B92EFD4A4100366EE7 /* PBXContainerItemProxy */;
		};
		C9E6D8C42EFD4A4100366EE7 /* PBXTargetDependency */ = {
			isa = PBXTargetDependency;
			target = C9E6D8AA2EFD4A4000366EE7 /* ReSwift-Effect-Demo */;
			targetProxy = C9E6D8C32EFD4A4100366EE7 /* PBXContainerItemProxy */;
		};
/* End PBXTargetDependency section */

/* Begin XCBuildConfiguration section */
		C9E6D8CA2EFD4A4100366EE7 /* Debug */ = {
			isa = XCBuildConfiguration;
			buildSettings = {
				ALWAYS_SEARCH_USER_PATHS = NO;
				ASSETCATALOG_COMPILER_GENERATE_SWIFT_ASSET_SYMBOL_EXTENSIONS = YES;
				CLANG_ANALYZER_NONNULL = YES;
				CLANG_ANALYZER_NUMBER_OBJECT_CONVERSION = YES_AGGRESSIVE;
				CLANG_CXX_LANGUAGE_STANDARD = "gnu++20";
				CLANG_ENABLE_MODULES = YES;
				CLANG_ENABLE_OBJC_ARC = YES;
				CLANG_ENABLE_OBJC_WEAK = YES;
				CLANG_WARN_BLOCK_CAPTURE_AUTORELEASING = YES;
				CLANG_WARN_BOOL_CONVERSION = YES;
				CLANG_WARN_COMMA = YES;
				CLANG_WARN_CONSTANT_CONVERSION = YES;
				CLANG_WARN_DEPRECATED_OBJC_IMPLEMENTATIONS = YES;
				CLANG_WARN_DIRECT_OBJC_ISA_USAGE = YES_ERROR;
				CLANG_WARN_DOCUMENTATION_COMMENTS = YES;
				CLANG_WARN_EMPTY_BODY = YES;
				CLANG_WARN_ENUM_CONVERSION = YES;
				CLANG_WARN_INFINITE_RECURSION = YES;
				CLANG_WARN_INT_CONVERSION = YES;
				CLANG_WARN_NON_LITERAL_NULL_CONVERSION = YES;
				CLANG_WARN_OBJC_IMPLICIT_RETAIN_SELF = YES;
				CLANG_WARN_OBJC_LITERAL_CONVERSION = YES;
				CLANG_WARN_OBJC_ROOT_CLASS = YES_ERROR;
				CLANG_WARN_QUOTED_INCLUDE_IN_FRAMEWORK_HEADER = YES;
				CLANG_WARN_RANGE_LOOP_ANALYSIS = YES;
				CLANG_WARN_STRICT_PROTOTYPES = YES;
				CLANG_WARN_SUSPICIOUS_MOVE = YES;
				CLANG_WARN_UNGUARDED_AVAILABILITY = YES_AGGRESSIVE;
				CLANG_WARN_UNREACHABLE_CODE = YES;
				CLANG_WARN__DUPLICATE_METHOD_MATCH = YES;
				COPY_PHASE_STRIP = NO;
				DEBUG_INFORMATION_FORMAT = dwarf;
				ENABLE_STRICT_OBJC_MSGSEND = YES;
				ENABLE_TESTABILITY = YES;
				ENABLE_USER_SCRIPT_SANDBOXING = YES;
				GCC_C_LANGUAGE_STANDARD = gnu17;
				GCC_DYNAMIC_NO_PIC = NO;
				GCC_NO_COMMON_BLOCKS = YES;
				GCC_OPTIMIZATION_LEVEL = 0;
				GCC_PREPROCESSOR_DEFINITIONS = (
					"DEBUG=1",
					"$(inherited)",
				);
				GCC_WARN_64_TO_32_BIT_CONVERSION = YES;
				GCC_WARN_ABOUT_RETURN_TYPE = YES_ERROR;
				GCC_WARN_UNDECLARED_SELECTOR = YES;
				GCC_WARN_UNINITIALIZED_AUTOS = YES_AGGRESSIVE;
				GCC_WARN_UNUSED_FUNCTION = YES;
				GCC_WARN_UNUSED_VARIABLE = YES;
				IPHONEOS_DEPLOYMENT_TARGET = 26.0;
				LOCALIZATION_PREFERS_STRING_CATALOGS = YES;
				MTL_ENABLE_DEBUG_INFO = INCLUDE_SOURCE;
				MTL_FAST_MATH = YES;
				ONLY_ACTIVE_ARCH = YES;
				SDKROOT = iphoneos;
				SWIFT_ACTIVE_COMPILATION_CONDITIONS = "DEBUG $(inherited)";
				SWIFT_OPTIMIZATION_LEVEL = "-Onone";
			};
			name = Debug;
		};
		C9E6D8CB2EFD4A4100366EE7 /* Release */ = {
			isa = XCBuildConfiguration;
			buildSettings = {
				ALWAYS_SEARCH_USER_PATHS = NO;
				ASSETCATALOG_COMPILER_GENERATE_SWIFT_ASSET_SYMBOL_EXTENSIONS = YES;
				CLANG_ANALYZER_NONNULL = YES;
				CLANG_ANALYZER_NUMBER_OBJECT_CONVERSION = YES_AGGRESSIVE;
				CLANG_CXX_LANGUAGE_STANDARD = "gnu++20";
				CLANG_ENABLE_MODULES = YES;
				CLANG_ENABLE_OBJC_ARC = YES;
				CLANG_ENABLE_OBJC_WEAK = YES;
				CLANG_WARN_BLOCK_CAPTURE_AUTORELEASING = YES;
				CLANG_WARN_BOOL_CONVERSION = YES;
				CLANG_WARN_COMMA = YES;
				CLANG_WARN_CONSTANT_CONVERSION = YES;
				CLANG_WARN_DEPRECATED_OBJC_IMPLEMENTATIONS = YES;
				CLANG_WARN_DIRECT_OBJC_ISA_USAGE = YES_ERROR;
				CLANG_WARN_DOCUMENTATION_COMMENTS = YES;
				CLANG_WARN_EMPTY_BODY = YES;
				CLANG_WARN_ENUM_CONVERSION = YES;
				CLANG_WARN_INFINITE_RECURSION = YES;
				CLANG_WARN_INT_CONVERSION = YES;
				CLANG_WARN_NON_LITERAL_NULL_CONVERSION = YES;
				CLANG_WARN_OBJC_IMPLICIT_RETAIN_SELF = YES;
				CLANG_WARN_OBJC_LITERAL_CONVERSION = YES;
				CLANG_WARN_OBJC_ROOT_CLASS = YES_ERROR;
				CLANG_WARN_QUOTED_INCLUDE_IN_FRAMEWORK_HEADER = YES;
				CLANG_WARN_RANGE_LOOP_ANALYSIS = YES;
				CLANG_WARN_STRICT_PROTOTYPES = YES;
				CLANG_WARN_SUSPICIOUS_MOVE = YES;
				CLANG_WARN_UNGUARDED_AVAILABILITY = YES_AGGRESSIVE;
				CLANG_WARN_UNREACHABLE_CODE = YES;
				CLANG_WARN__DUPLICATE_METHOD_MATCH = YES;
				COPY_PHASE_STRIP = NO;
				DEBUG_INFORMATION_FORMAT = "dwarf-with-dsym";
				ENABLE_NS_ASSERTIONS = NO;
				ENABLE_STRICT_OBJC_MSGSEND = YES;
				ENABLE_USER_SCRIPT_SANDBOXING = YES;
				GCC_C_LANGUAGE_STANDARD = gnu17;
				GCC_NO_COMMON_BLOCKS = YES;
				GCC_WARN_64_TO_32_BIT_CONVERSION = YES;
				GCC_WARN_ABOUT_RETURN_TYPE = YES_ERROR;
				GCC_WARN_UNDECLARED_SELECTOR = YES;
				GCC_WARN_UNINITIALIZED_AUTOS = YES_AGGRESSIVE;
				GCC_WARN_UNUSED_FUNCTION = YES;
				GCC_WARN_UNUSED_VARIABLE = YES;
				IPHONEOS_DEPLOYMENT_TARGET = 26.0;
				LOCALIZATION_PREFERS_STRING_CATALOGS = YES;
				MTL_ENABLE_DEBUG_INFO = NO;
				MTL_FAST_MATH = YES;
				SDKROOT = iphoneos;
				SWIFT_COMPILATION_MODE = wholemodule;
				VALIDATE_PRODUCT = YES;
			};
			name = Release;
		};
		C9E6D8CD2EFD4A4100366EE7 /* Debug */ = {
			isa = XCBuildConfiguration;
			buildSettings = {
				ASSETCATALOG_COMPILER_APPICON_NAME = AppIcon;
				ASSETCATALOG_COMPILER_GLOBAL_ACCENT_COLOR_NAME = AccentColor;
				CODE_SIGN_STYLE = Automatic;
				CURRENT_PROJECT_VERSION = 1;
				ENABLE_PREVIEWS = YES;
				GENERATE_INFOPLIST_FILE = YES;
				INFOPLIST_KEY_UIApplicationSceneManifest_Generation = YES;
				INFOPLIST_KEY_UIApplicationSupportsIndirectInputEvents = YES;
				INFOPLIST_KEY_UILaunchScreen_Generation = YES;
				INFOPLIST_KEY_UISupportedInterfaceOrientations_iPad = "UIInterfaceOrientationPortrait UIInterfaceOrientationPortraitUpsideDown UIInterfaceOrientationLandscapeLeft UIInterfaceOrientationLandscapeRight";
				INFOPLIST_KEY_UISupportedInterfaceOrientations_iPhone = "UIInterfaceOrientationPortrait UIInterfaceOrientationLandscapeLeft UIInterfaceOrientationLandscapeRight";
				LD_RUNPATH_SEARCH_PATHS = (
					"$(inherited)",
					"@executable_path/Frameworks",
				);
				MARKETING_VERSION = 1.0;
				PRODUCT_BUNDLE_IDENTIFIER = "com.arthasdev.com.ReSwift-Effect-Demo";
				PRODUCT_NAME = "$(TARGET_NAME)";
				STRING_CATALOG_GENERATE_SYMBOLS = YES;
				SWIFT_APPROACHABLE_CONCURRENCY = YES;
				SWIFT_DEFAULT_ACTOR_ISOLATION = MainActor;
				SWIFT_EMIT_LOC_STRINGS = YES;
				SWIFT_UPCOMING_FEATURE_MEMBER_IMPORT_VISIBILITY = YES;
				SWIFT_VERSION = 5.0;
				TARGETED_DEVICE_FAMILY = "1,2";
			};
			name = Debug;
		};
		C9E6D8CE2EFD4A4100366EE7 /* Release */ = {
			isa = XCBuildConfiguration;
			buildSettings = {
				ASSETCATALOG_COMPILER_APPICON_NAME = AppIcon;
				ASSETCATALOG_COMPILER_GLOBAL_ACCENT_COLOR_NAME = AccentColor;
				CODE_SIGN_STYLE = Automatic;
				CURRENT_PROJECT_VERSION = 1;
				ENABLE_PREVIEWS = YES;
				GENERATE_INFOPLIST_FILE = YES;
				INFOPLIST_KEY_UIApplicationSceneManifest_Generation = YES;
				INFOPLIST_KEY_UIApplicationSupportsIndirectInputEvents = YES;
				INFOPLIST_KEY_UILaunchScreen_Generation = YES;
				INFOPLIST_KEY_UISupportedInterfaceOrientations_iPad = "UIInterfaceOrientationPortrait UIInterfaceOrientationPortraitUpsideDown UIInterfaceOrientationLandscapeLeft UIInterfaceOrientationLandscapeRight";
				INFOPLIST_KEY_UISupportedInterfaceOrientations_iPhone = "UIInterfaceOrientationPortrait UIInterfaceOrientationLandscapeLeft UIInterfaceOrientationLandscapeRight";
				LD_RUNPATH_SEARCH_PATHS = (
					"$(inherited)",
					"@executable_path/Frameworks",
				);
				MARKETING_VERSION = 1.0;
				PRODUCT_BUNDLE_IDENTIFIER = "com.arthasdev.com.ReSwift-Effect-Demo";
				PRODUCT_NAME = "$(TARGET_NAME)";
				STRING_CATALOG_GENERATE_SYMBOLS = YES;
				SWIFT_APPROACHABLE_CONCURRENCY = YES;
				SWIFT_DEFAULT_ACTOR_ISOLATION = MainActor;
				SWIFT_EMIT_LOC_STRINGS = YES;
				SWIFT_UPCOMING_FEATURE_MEMBER_IMPORT_VISIBILITY = YES;
				SWIFT_VERSION = 5.0;
				TARGETED_DEVICE_FAMILY = "1,2";
			};
			name = Release;
		};
		C9E6D8D02EFD4A4100366EE7 /* Debug */ = {
			isa = XCBuildConfiguration;
			buildSettings = {
				BUNDLE_LOADER = "$(TEST_HOST)";
				CODE_SIGN_STYLE = Automatic;
				CURRENT_PROJECT_VERSION = 1;
				GENERATE_INFOPLIST_FILE = YES;
				IPHONEOS_DEPLOYMENT_TARGET = 26.0;
				MARKETING_VERSION = 1.0;
				PRODUCT_BUNDLE_IDENTIFIER = "com.arthasdev.com.ReSwift-Effect-DemoTests";
				PRODUCT_NAME = "$(TARGET_NAME)";
				STRING_CATALOG_GENERATE_SYMBOLS = NO;
				SWIFT_APPROACHABLE_CONCURRENCY = YES;
				SWIFT_EMIT_LOC_STRINGS = NO;
				SWIFT_UPCOMING_FEATURE_MEMBER_IMPORT_VISIBILITY = YES;
				SWIFT_VERSION = 5.0;
				TARGETED_DEVICE_FAMILY = "1,2";
				TEST_HOST = "$(BUILT_PRODUCTS_DIR)/ReSwift-Effect-Demo.app/$(BUNDLE_EXECUTABLE_FOLDER_PATH)/ReSwift-Effect-Demo";
			};
			name = Debug;
		};
		C9E6D8D12EFD4A4100366EE7 /* Release */ = {
			isa = XCBuildConfiguration;
			buildSettings = {
				BUNDLE_LOADER = "$(TEST_HOST)";
				CODE_SIGN_STYLE = Automatic;
				CURRENT_PROJECT_VERSION = 1;
				GENERATE_INFOPLIST_FILE = YES;
				IPHONEOS_DEPLOYMENT_TARGET = 26.0;
				MARKETING_VERSION = 1.0;
				PRODUCT_BUNDLE_IDENTIFIER = "com.arthasdev.com.ReSwift-Effect-DemoTests";
				PRODUCT_NAME = "$(TARGET_NAME)";
				STRING_CATALOG_GENERATE_SYMBOLS = NO;
				SWIFT_APPROACHABLE_CONCURRENCY = YES;
				SWIFT_EMIT_LOC_STRINGS = NO;
				SWIFT_UPCOMING_FEATURE_MEMBER_IMPORT_VISIBILITY = YES;
				SWIFT_VERSION = 5.0;
				TARGETED_DEVICE_FAMILY = "1,2";
				TEST_HOST = "$(BUILT_PRODUCTS_DIR)/ReSwift-Effect-Demo.app/$(BUNDLE_EXECUTABLE_FOLDER_PATH)/ReSwift-Effect-Demo";
			};
			name = Release;
		};
		C9E6D8D32EFD4A4100366EE7 /* Debug */ = {
			isa = XCBuildConfiguration;
			buildSettings = {
				CODE_SIGN_STYLE = Automatic;
				CURRENT_PROJECT_VERSION = 1;
				GENERATE_INFOPLIST_FILE = YES;
				MARKETING_VERSION = 1.0;
				PRODUCT_BUNDLE_IDENTIFIER = "com.arthasdev.com.ReSwift-Effect-DemoUITests";
				PRODUCT_NAME = "$(TARGET_NAME)";
				STRING_CATALOG_GENERATE_SYMBOLS = NO;
				SWIFT_APPROACHABLE_CONCURRENCY = YES;
				SWIFT_EMIT_LOC_STRINGS = NO;
				SWIFT_UPCOMING_FEATURE_MEMBER_IMPORT_VISIBILITY = YES;
				SWIFT_VERSION = 5.0;
				TARGETED_DEVICE_FAMILY = "1,2";
				TEST_TARGET_NAME = "ReSwift-Effect-Demo";
			};
			name = Debug;
		};
		C9E6D8D42EFD4A4100366EE7 /* Release */ = {
			isa = XCBuildConfiguration;
			buildSettings = {
				CODE_SIGN_STYLE = Automatic;
				CURRENT_PROJECT_VERSION = 1;
				GENERATE_INFOPLIST_FILE = YES;
				MARKETING_VERSION = 1.0;
				PRODUCT_BUNDLE_IDENTIFIER = "com.arthasdev.com.ReSwift-Effect-DemoUITests";
				PRODUCT_NAME = "$(TARGET_NAME)";
				STRING_CATALOG_GENERATE_SYMBOLS = NO;
				SWIFT_APPROACHABLE_CONCURRENCY = YES;
				SWIFT_EMIT_LOC_STRINGS = NO;
				SWIFT_UPCOMING_FEATURE_MEMBER_IMPORT_VISIBILITY = YES;
				SWIFT_VERSION = 5.0;
				TARGETED_DEVICE_FAMILY = "1,2";
				TEST_TARGET_NAME = "ReSwift-Effect-Demo";
			};
			name = Release;
		};
/* End XCBuildConfiguration section */

/* Begin XCConfigurationList section */
		C9E6D8A62EFD4A4000366EE7 /* Build configuration list for PBXProject "ReSwift-Effect-Demo" */ = {
			isa = XCConfigurationList;
			buildConfigurations = (
				C9E6D8CA2EFD4A4100366EE7 /* Debug */,
				C9E6D8CB2EFD4A4100366EE7 /* Release */,
			);
			defaultConfigurationIsVisible = 0;
			defaultConfigurationName = Release;
		};
		C9E6D8CC2EFD4A4100366EE7 /* Build configuration list for PBXNativeTarget "ReSwift-Effect-Demo" */ = {
			isa = XCConfigurationList;
			buildConfigurations = (
				C9E6D8CD2EFD4A4100366EE7 /* Debug */,
				C9E6D8CE2EFD4A4100366EE7 /* Release */,
			);
			defaultConfigurationIsVisible = 0;
			defaultConfigurationName = Release;
		};
		C9E6D8CF2EFD4A4100366EE7 /* Build configuration list for PBXNativeTarget "ReSwift-Effect-DemoTests" */ = {
			isa = XCConfigurationList;
			buildConfigurations = (
				C9E6D8D02EFD4A4100366EE7 /* Debug */,
				C9E6D8D12EFD4A4100366EE7 /* Release */,
			);
			defaultConfigurationIsVisible = 0;
			defaultConfigurationName = Release;
		};
		C9E6D8D22EFD4A4100366EE7 /* Build configuration list for PBXNativeTarget "ReSwift-Effect-DemoUITests" */ = {
			isa = XCConfigurationList;
			buildConfigurations = (
				C9E6D8D32EFD4A4100366EE7 /* Debug */,
				C9E6D8D42EFD4A4100366EE7 /* Release */,
			);
			defaultConfigurationIsVisible = 0;
			defaultConfigurationName = Release;
		};
/* End XCConfigurationList section */

/* Begin XCLocalSwiftPackageReference section */
		C917930C2EFE65DA008BD344 /* XCLocalSwiftPackageReference "../../reswift-effect" */ = {
			isa = XCLocalSwiftPackageReference;
			relativePath = "../../reswift-effect";
		};
/* End XCLocalSwiftPackageReference section */

/* Begin XCSwiftPackageProductDependency section */
		C917930D2EFE65DA008BD344 /* ReSwiftEffect */ = {
			isa = XCSwiftPackageProductDependency;
			productName = ReSwiftEffect;
		};
/* End XCSwiftPackageProductDependency section */
	};
	rootObject = C9E6D8A32EFD4A4000366EE7 /* Project object */;
}
